{
  "version": 2,
  "dependencies": {
    "net9.0": {
      "Autofac": {
        "type": "Direct",
        "requested": "[8.2.0, )",
        "resolved": "8.2.0",
        "contentHash": "T+4+W4byzyUOarCbIcFRbxpYKC+cndfQm/+VeWpB60P2MCN0JMsewUhZqvH5Ooe936HQjn5uHvEY9tq6BfbiIw==",
        "dependencies": {
          "System.Diagnostics.DiagnosticSource": "8.0.1"
        }
      },
      "Autofac.Extensions.DependencyInjection": {
        "type": "Direct",
        "requested": "[10.0.0, )",
        "resolved": "10.0.0",
        "contentHash": "ZjR/onUlP7BzQ7VBBigQepWLAyAzi3VRGX3pP6sBqkPRiT61fsTZqbTpRUKxo30TMgbs1o3y6bpLbETix4SJog==",
        "dependencies": {
          "Autofac": "8.1.0",
          "Microsoft.Extensions.DependencyInjection.Abstractions": "8.0.1"
        }
      },
      "Azure.Extensions.AspNetCore.Configuration.Secrets": {
        "type": "Direct",
        "requested": "[1.3.2, )",
        "resolved": "1.3.2",
        "contentHash": "uMIU++B4XV4lW8+59rKi2Qph6tj2V7tHyLcwVR7OQRmA8cX0VVFhj2DyMahhoF9j4Jk99WA08Nsznd5RwC5Zfw==",
        "dependencies": {
          "Azure.Core": "1.42.0",
          "Azure.Security.KeyVault.Secrets": "4.6.0",
          "Microsoft.Extensions.Configuration": "2.1.0"
        }
      },
      "FluentValidation.DependencyInjectionExtensions": {
        "type": "Direct",
        "requested": "[11.11.0, )",
        "resolved": "11.11.0",
        "contentHash": "viTKWaMbL3yJYgGI0DiCeavNbE9UPMWFVK2XS9nYXGbm3NDMd0/L5ER4wBzmTtW3BYh3SrlSXm9RACiKZ6stlA==",
        "dependencies": {
          "FluentValidation": "11.11.0",
          "Microsoft.Extensions.Dependencyinjection.Abstractions": "2.1.0"
        }
      },
      "JetBrains.Annotations": {
        "type": "Direct",
        "requested": "[2024.3.0, )",
        "resolved": "2024.3.0",
        "contentHash": "ox5pkeLQXjvJdyAB4b2sBYAlqZGLh3PjSnP1bQNVx72ONuTJ9+34/+Rq91Fc0dG29XG9RgZur9+NcP4riihTug=="
      },
      "Microsoft.Extensions.DependencyInjection": {
        "type": "Direct",
        "requested": "[9.0.1, )",
        "resolved": "9.0.1",
        "contentHash": "qZI42ASAe3hr2zMSA6UjM92pO1LeDq5DcwkgSowXXPY8I56M76pEKrnmsKKbxagAf39AJxkH2DY4sb72ixyOrg==",
        "dependencies": {
          "Microsoft.Extensions.DependencyInjection.Abstractions": "9.0.1"
        }
      },
      "Microsoft.Extensions.Diagnostics.HealthChecks.EntityFrameworkCore": {
        "type": "Direct",
        "requested": "[9.0.1, )",
        "resolved": "9.0.1",
        "contentHash": "eRfWox6zjdwZ34vCkKOVMS6QWXqtOnGV0TaU20k6DMnLS7j6FU5Tm/lnH7gb1T11lEnasK049dxQZjY7xuZhsA==",
        "dependencies": {
          "Microsoft.EntityFrameworkCore.Relational": "9.0.1",
          "Microsoft.Extensions.Diagnostics.HealthChecks": "9.0.1",
          "Microsoft.Extensions.Diagnostics.HealthChecks.Abstractions": "9.0.1"
        }
      },
      "Microsoft.Extensions.Http.Resilience": {
        "type": "Direct",
        "requested": "[9.1.0, )",
        "resolved": "9.1.0",
        "contentHash": "iOudmNhkE3g4q2oPcI/WnLUJlcDuK/0F2pVQ3iC7rlEzzbs3l1ynD3NfkanMqvOPqIf5sSrHlXSwKtILVBj4lA==",
        "dependencies": {
          "Microsoft.Extensions.Configuration.Binder": "9.0.1",
          "Microsoft.Extensions.Http.Diagnostics": "9.1.0",
          "Microsoft.Extensions.ObjectPool": "9.0.1",
          "Microsoft.Extensions.Resilience": "9.1.0"
        }
      },
      "Microsoft.Identity.Web": {
        "type": "Direct",
        "requested": "[3.5.0, )",
        "resolved": "3.5.0",
        "contentHash": "LyhpNMbPwAFge03wtVgKLAFJZ6hf9olh6RvpKiLsMG95kaRkrOF/dH+kBKLrXFHf7k/ZuWwnsA1i/uykqviXaA==",
        "dependencies": {
          "Microsoft.Extensions.Http": "3.1.3",
          "Microsoft.Identity.Web.Certificate": "3.5.0",
          "Microsoft.Identity.Web.Certificateless": "3.5.0",
          "Microsoft.Identity.Web.TokenAcquisition": "3.5.0",
          "Microsoft.Identity.Web.TokenCache": "3.5.0",
          "Microsoft.IdentityModel.Protocols.OpenIdConnect": "8.3.0",
          "Microsoft.IdentityModel.Validators": "8.3.0",
          "System.Formats.Asn1": "9.0.0",
          "System.IdentityModel.Tokens.Jwt": "8.3.0",
          "System.Text.Json": "9.0.0"
        }
      },
      "MinVer": {
        "type": "Direct",
        "requested": "[6.0.0, )",
        "resolved": "6.0.0",
        "contentHash": "+/SsmiySsXJlvQLCGBqaZKNVt3s/Y/HbAdwtop7Km2CnuZbaScoqkWJEBQ5Cy9ebkn6kCYKrHsXgwrFdTgcb3g=="
      },
      "Polly": {
        "type": "Direct",
        "requested": "[8.5.1, )",
        "resolved": "8.5.1",
        "contentHash": "/kMFDkE3Tl6rKA1o+JJZ+r3ij8kHVRkIcHhx2fjvoTDl6risPH3KfCb0g9tfFni4qUbcPqkhDNcb0EvMPpyRKw==",
        "dependencies": {
          "Polly.Core": "8.5.1"
        }
      },
      "Riok.Mapperly": {
        "type": "Direct",
        "requested": "[4.1.1, )",
        "resolved": "4.1.1",
        "contentHash": "SnLiZuBw4d/yMoyM//Qdz9N5pPNx+LZxOMSb9rk3Xdd3CZ9WTlw6vVF1mwD1Y/g+sMgB96j8V58go7lJOFNTng=="
      },
      "Scalar.AspNetCore": {
        "type": "Direct",
        "requested": "[2.0.1, )",
        "resolved": "2.0.1",
        "contentHash": "1N/l0ICglYaqHsIctF29HRvsmvlvoFaW3A9tl4Jhwjxdb1Ojwnn5q9sntSSTh8hLaOodr/1au8BIk/aLTHRmzw=="
      },
      "Serilog.AspNetCore": {
        "type": "Direct",
        "requested": "[9.0.0, )",
        "resolved": "9.0.0",
        "contentHash": "JslDajPlBsn3Pww1554flJFTqROvK9zz9jONNQgn0D8Lx2Trw8L0A8/n6zEQK1DAZWXrJwiVLw8cnTR3YFuYsg==",
        "dependencies": {
          "Serilog": "4.2.0",
          "Serilog.Extensions.Hosting": "9.0.0",
          "Serilog.Formatting.Compact": "3.0.0",
          "Serilog.Settings.Configuration": "9.0.0",
          "Serilog.Sinks.Console": "6.0.0",
          "Serilog.Sinks.Debug": "3.0.0",
          "Serilog.Sinks.File": "6.0.0"
        }
      },
      "Serilog.Enrichers.Environment": {
        "type": "Direct",
        "requested": "[3.0.1, )",
        "resolved": "3.0.1",
        "contentHash": "9BqCE4C9FF+/rJb/CsQwe7oVf44xqkOvMwX//CUxvUR25lFL4tSS6iuxE5eW07quby1BAyAEP+vM6TWsnT3iqw==",
        "dependencies": {
          "Serilog": "4.0.0"
        }
      },
      "Serilog.Enrichers.Process": {
        "type": "Direct",
        "requested": "[3.0.0, )",
        "resolved": "3.0.0",
        "contentHash": "/wPYz2PDCJGSHNI+Z0PAacZvrgZgrGduWqLXeC2wvW6pgGM/Bi45JrKy887MRcRPHIZVU0LAlkmJ7TkByC0boQ==",
        "dependencies": {
          "Serilog": "4.0.0"
        }
      },
      "Serilog.Enrichers.Thread": {
        "type": "Direct",
        "requested": "[4.0.0, )",
        "resolved": "4.0.0",
        "contentHash": "C7BK25a1rhUyr+Tp+1BYcVlBJq7M2VCHlIgnwoIUVJcicM9jYcvQK18+OeHiXw7uLPSjqWxJIp1EfaZ/RGmEwA==",
        "dependencies": {
          "Serilog": "4.0.0"
        }
      },
      "Serilog.Extensions.Logging": {
        "type": "Direct",
        "requested": "[9.0.0, )",
        "resolved": "9.0.0",
        "contentHash": "NwSSYqPJeKNzl5AuXVHpGbr6PkZJFlNa14CdIebVjK3k/76kYj/mz5kiTRNVSsSaxM8kAIa1kpy/qyT9E4npRQ==",
        "dependencies": {
          "Microsoft.Extensions.Logging": "9.0.0",
          "Serilog": "4.2.0"
        }
      },
      "Serilog.Settings.Configuration": {
        "type": "Direct",
        "requested": "[9.0.0, )",
        "resolved": "9.0.0",
        "contentHash": "4/Et4Cqwa+F88l5SeFeNZ4c4Z6dEAIKbu3MaQb2Zz9F/g27T5a3wvfMcmCOaAiACjfUb4A6wrlTVfyYUZk3RRQ==",
        "dependencies": {
          "Microsoft.Extensions.Configuration.Binder": "9.0.0",
          "Microsoft.Extensions.DependencyModel": "9.0.0",
          "Serilog": "4.2.0"
        }
      },
      "Serilog.Sinks.ApplicationInsights": {
        "type": "Direct",
        "requested": "[4.0.0, )",
        "resolved": "4.0.0",
        "contentHash": "AlYq1JFqh+RFKwLKZ3X224Zbe1gnkMbqSELp2FApLN0iMyRPdwwxMJBCCrk49C8qOefBd4zN+J/1Tq3i75DunA==",
        "dependencies": {
          "Microsoft.ApplicationInsights": "2.20.0",
          "Serilog": "2.11.0"
        }
      },
      "Serilog.Sinks.Console": {
        "type": "Direct",
        "requested": "[6.0.0, )",
        "resolved": "6.0.0",
        "contentHash": "fQGWqVMClCP2yEyTXPIinSr5c+CBGUvBybPxjAGcf7ctDhadFhrQw03Mv8rJ07/wR5PDfFjewf2LimvXCDzpbA==",
        "dependencies": {
          "Serilog": "4.0.0"
        }
      },
      "Serilog.Sinks.File": {
        "type": "Direct",
        "requested": "[6.0.0, )",
        "resolved": "6.0.0",
        "contentHash": "lxjg89Y8gJMmFxVkbZ+qDgjl+T4yC5F7WSLTvA+5q0R04tfKVLRL/EHpYoJ/MEQd2EeCKDuylBIVnAYMotmh2A==",
        "dependencies": {
          "Serilog": "4.0.0"
        }
      },
      "Azure.Core": {
        "type": "Transitive",
        "resolved": "1.42.0",
        "contentHash": "Fg88OsrjD2nAvz3N0pk2d/AwIHQRrs9CjA9A35OW1YgYhMo0OTz4WkntQK6V2tf84g7SnfJM8ORcZl+bH6P9Cg==",
        "dependencies": {
          "Microsoft.Bcl.AsyncInterfaces": "6.0.0",
          "System.ClientModel": "1.0.0",
          "System.Diagnostics.DiagnosticSource": "6.0.1",
          "System.Memory.Data": "1.0.2",
          "System.Numerics.Vectors": "4.5.0",
          "System.Text.Encodings.Web": "6.0.0",
          "System.Text.Json": "4.7.2",
          "System.Threading.Tasks.Extensions": "4.5.4"
        }
      },
      "Azure.Identity": {
        "type": "Transitive",
        "resolved": "1.11.4",
        "contentHash": "Sf4BoE6Q3jTgFkgBkx7qztYOFELBCo+wQgpYDwal/qJ1unBH73ywPztIJKXBXORRzAeNijsuxhk94h0TIMvfYg==",
        "dependencies": {
          "Azure.Core": "1.38.0",
          "Microsoft.Identity.Client": "4.61.3",
          "Microsoft.Identity.Client.Extensions.Msal": "4.61.3",
          "System.Memory": "4.5.4",
          "System.Security.Cryptography.ProtectedData": "4.7.0",
          "System.Text.Json": "4.7.2",
          "System.Threading.Tasks.Extensions": "4.5.4"
        }
      },
      "Azure.Security.KeyVault.Certificates": {
        "type": "Transitive",
        "resolved": "4.6.0",
        "contentHash": "e2ATU/n2ZDL/S8A8EdrcfKEvKc2BojCrrSpmM+JKnrSTQS32x/W0Ldu8utk+epLKwXvSJRSWtlgdo7X8hG1mCg==",
        "dependencies": {
          "Azure.Core": "1.37.0",
          "System.Memory": "4.5.4",
          "System.Text.Json": "4.7.2",
          "System.Threading.Tasks.Extensions": "4.5.4"
        }
      },
      "Azure.Security.KeyVault.Secrets": {
        "type": "Transitive",
        "resolved": "4.6.0",
        "contentHash": "vwPceoznuT6glvirZcXlaCQrh1uzTSxpZUi2hRFNumHiS3hVyqIXI5fgWiLtlBzwqPJMTr0flUoSvGKjXXQlfg==",
        "dependencies": {
          "Azure.Core": "1.37.0",
          "System.Memory": "4.5.4",
          "System.Text.Json": "4.7.2",
          "System.Threading.Tasks.Extensions": "4.5.4"
        }
      },
      "Microsoft.ApplicationInsights": {
        "type": "Transitive",
        "resolved": "2.20.0",
        "contentHash": "mb+EC5j06Msn5HhKrhrsMAst6JxvYUnphQMGY2cixCabgGAO3q79Y8o/p1Zce1Azgd1IVkRKAMzAV4vDCbXOqA==",
        "dependencies": {
          "System.Diagnostics.DiagnosticSource": "5.0.0"
        }
      },
      "Microsoft.AspNetCore.Authentication.JwtBearer": {
        "type": "Transitive",
        "resolved": "9.0.0",
        "contentHash": "bs+1Pq3vQdS2lTyxNUd9fEhtMsq3eLUpK36k2t56iDMVrk6OrAoFtvrQrTK0Y0OetTcJrUkGU7hBlf+ORzHLqQ==",
        "dependencies": {
          "Microsoft.IdentityModel.Protocols.OpenIdConnect": "8.0.1"
        }
      },
      "Microsoft.AspNetCore.Authentication.OpenIdConnect": {
        "type": "Transitive",
        "resolved": "9.0.0",
        "contentHash": "afrTDM8viZRruJGNkGa0pMhNqgjWBLln3DBPYrQaklOQn+wE9B5ZvOpi7l8l68JEwsBUVKteKyiY1ivPlK6kQw==",
        "dependencies": {
          "Microsoft.IdentityModel.Protocols.OpenIdConnect": "8.0.1"
        }
      },
      "Microsoft.AspNetCore.Cryptography.Internal": {
        "type": "Transitive",
        "resolved": "9.0.0",
        "contentHash": "M1dzTEl+2+RqT4vWcqEpWasPXHd58wC93U7QMlmPSmx+qixyVxCQjZ183wr7Wa68b4pF7wC501MU9rdA0ZNhMg=="
      },
      "Microsoft.AspNetCore.DataProtection": {
        "type": "Transitive",
        "resolved": "9.0.0",
        "contentHash": "mrhTnqMHkaVmaNZOWobg7ior5BELrlC5dC2r3FMVwT0bfOlonOe76B83e3D98Cl/zR5Szhfok2BQmkw6xDvHfg==",
        "dependencies": {
          "Microsoft.AspNetCore.Cryptography.Internal": "9.0.0",
          "Microsoft.AspNetCore.DataProtection.Abstractions": "9.0.0",
          "Microsoft.Extensions.DependencyInjection.Abstractions": "9.0.0",
          "Microsoft.Extensions.Hosting.Abstractions": "9.0.0",
          "Microsoft.Extensions.Logging.Abstractions": "9.0.0",
          "Microsoft.Extensions.Options": "9.0.0",
          "System.Security.Cryptography.Xml": "9.0.0"
        }
      },
      "Microsoft.AspNetCore.DataProtection.Abstractions": {
        "type": "Transitive",
        "resolved": "9.0.0",
        "contentHash": "o7JVGMXofZ4IuQdyoL0eKC1GnNmviZt2aI7CGHnQjqbz9hIrYim3DUfCKpvKaVzLWfzfgmwaXNg8Zx7fFQaBbA=="
      },
      "Microsoft.Bcl.AsyncInterfaces": {
        "type": "Transitive",
        "resolved": "6.0.0",
        "contentHash": "UcSjPsst+DfAdJGVDsu346FX0ci0ah+lw3WRtn18NUwEqRt70HaOQ7lI72vy3+1LxtqI3T5GWwV39rQSrCzAeg=="
      },
      "Microsoft.EntityFrameworkCore.Abstractions": {
        "type": "Transitive",
        "resolved": "9.0.1",
        "contentHash": "qy+taGVLUs82zeWfc32hgGL8Z02ZqAneYvqZiiXbxF4g4PBUcPRuxHM9K20USmpeJbn4/fz40GkCbyyCy5ojOA=="
      },
      "Microsoft.EntityFrameworkCore.Analyzers": {
        "type": "Transitive",
        "resolved": "9.0.1",
        "contentHash": "c6ZZJZhPKrXFkE2z/81PmuT69HBL6Y68Cl0xJ5SRrDjJyq5Aabkq15yCqPg9RQ3R0aFLVaJok2DA8R3TKpejDQ=="
      },
      "Microsoft.Extensions.AmbientMetadata.Application": {
        "type": "Transitive",
        "resolved": "9.1.0",
        "contentHash": "npXgOV721JphvTebGOdGdxzKbcn7FWvNgI0qnAOJTH2H5cH8z1XoyCG8ZcmiR5roenNdJTWU51ft4JB/oar0Pw==",
        "dependencies": {
          "Microsoft.Extensions.Configuration": "9.0.1",
          "Microsoft.Extensions.Hosting.Abstractions": "9.0.1",
          "Microsoft.Extensions.Options.ConfigurationExtensions": "9.0.1"
        }
      },
      "Microsoft.Extensions.Caching.Abstractions": {
        "type": "Transitive",
        "resolved": "9.0.1",
        "contentHash": "Eghsg9SyIvq0c8x6cUpe71BbQoOmsytXxqw2+ZNiTnP8a8SBLKgEor1zZeWhC0588IbS2M0PP4gXGAd9qF862Q==",
        "dependencies": {
          "Microsoft.Extensions.Primitives": "9.0.1"
        }
      },
      "Microsoft.Extensions.Caching.Memory": {
        "type": "Transitive",
        "resolved": "9.0.1",
        "contentHash": "JeC+PP0BCKMwwLezPGDaciJSTfcFG4KjsG8rX4XZ6RSvzdxofrFmcnmW2L4+cWUcZSBTQ+Dd7H5Gs9XZz/OlCA==",
        "dependencies": {
          "Microsoft.Extensions.Caching.Abstractions": "9.0.1",
          "Microsoft.Extensions.DependencyInjection.Abstractions": "9.0.1",
          "Microsoft.Extensions.Logging.Abstractions": "9.0.1",
          "Microsoft.Extensions.Options": "9.0.1",
          "Microsoft.Extensions.Primitives": "9.0.1"
        }
      },
      "Microsoft.Extensions.Compliance.Abstractions": {
        "type": "Transitive",
        "resolved": "9.1.0",
        "contentHash": "Q3Kv8/pel2jH6iuxtM4RhBSVufv0vm7drAzGUJt9v0xdJsjbRjidvUgU/hrANdOO1yNA/k1RZl2N9KgubE3KZA==",
        "dependencies": {
          "Microsoft.Extensions.DependencyInjection.Abstractions": "9.0.1",
          "Microsoft.Extensions.ObjectPool": "9.0.1"
        }
      },
      "Microsoft.Extensions.Configuration": {
        "type": "Transitive",
        "resolved": "9.0.1",
        "contentHash": "VuthqFS+ju6vT8W4wevdhEFiRi1trvQtkzWLonApfF5USVzzDcTBoY3F24WvN/tffLSrycArVfX1bThm/9xY2A==",
        "dependencies": {
          "Microsoft.Extensions.Configuration.Abstractions": "9.0.1",
          "Microsoft.Extensions.Primitives": "9.0.1"
        }
      },
      "Microsoft.Extensions.Configuration.Abstractions": {
        "type": "Transitive",
        "resolved": "9.0.1",
        "contentHash": "+4hfFIY1UjBCXFTTOd+ojlDPq6mep3h5Vq5SYE3Pjucr7dNXmq4S/6P/LoVnZFz2e/5gWp/om4svUFgznfULcA==",
        "dependencies": {
          "Microsoft.Extensions.Primitives": "9.0.1"
        }
      },
      "Microsoft.Extensions.Configuration.Binder": {
        "type": "Transitive",
        "resolved": "9.0.1",
        "contentHash": "w7kAyu1Mm7eParRV6WvGNNwA8flPTub16fwH49h7b/yqJZFTgYxnOVCuiah3G2bgseJMEq4DLjjsyQRvsdzRgA==",
        "dependencies": {
          "Microsoft.Extensions.Configuration.Abstractions": "9.0.1"
        }
      },
      "Microsoft.Extensions.DependencyInjection.Abstractions": {
        "type": "Transitive",
        "resolved": "9.0.1",
        "contentHash": "Tr74eP0oQ3AyC24ch17N8PuEkrPbD0JqIfENCYqmgKYNOmL8wQKzLJu3ObxTUDrjnn4rHoR1qKa37/eQyHmCDA=="
      },
      "Microsoft.Extensions.DependencyInjection.AutoActivation": {
        "type": "Transitive",
        "resolved": "9.1.0",
        "contentHash": "rz0xGGrxH7E+ANt3Bdj1ruPdCH/Afda+x4kHLXA3w2sAHctjWrNiY7Ms/oNN1jdWrSFm6JB+eQ0mqizvlXe5+A==",
        "dependencies": {
          "Microsoft.Extensions.Hosting.Abstractions": "9.0.1"
        }
      },
      "Microsoft.Extensions.DependencyModel": {
        "type": "Transitive",
        "resolved": "9.0.0",
        "contentHash": "saxr2XzwgDU77LaQfYFXmddEDRUKHF4DaGMZkNB3qjdVSZlax3//dGJagJkKrGMIPNZs2jVFXITyCCR6UHJNdA=="
      },
      "Microsoft.Extensions.Diagnostics": {
        "type": "Transitive",
        "resolved": "9.0.1",
        "contentHash": "4ZmP6turxMFsNwK/MCko2fuIITaYYN/eXyyIRq1FjLDKnptdbn6xMb7u0zfSMzCGpzkx4RxH/g1jKN2IchG7uA==",
        "dependencies": {
          "Microsoft.Extensions.Configuration": "9.0.1",
          "Microsoft.Extensions.Diagnostics.Abstractions": "9.0.1",
          "Microsoft.Extensions.Options.ConfigurationExtensions": "9.0.1"
        }
      },
      "Microsoft.Extensions.Diagnostics.Abstractions": {
        "type": "Transitive",
        "resolved": "9.0.1",
        "contentHash": "pfAPuVtHvG6dvZtAa0OQbXdDqq6epnr8z0/IIUjdmV0tMeI8Aj9KxDXvdDvqr+qNHTkmA7pZpChNxwNZt4GXVg==",
        "dependencies": {
          "Microsoft.Extensions.DependencyInjection.Abstractions": "9.0.1",
          "Microsoft.Extensions.Options": "9.0.1"
        }
      },
      "Microsoft.Extensions.Diagnostics.ExceptionSummarization": {
        "type": "Transitive",
        "resolved": "9.1.0",
        "contentHash": "KE0CBEp+77XKlg94MGS4nN6dT5EVi25JMm+WCOycBKUzlxpsgHaanNuZ/Nv0VHpidV5LYWBWAeTcJD+auJ/3gA==",
        "dependencies": {
          "Microsoft.Extensions.DependencyInjection.Abstractions": "9.0.1"
        }
      },
      "Microsoft.Extensions.Diagnostics.HealthChecks": {
        "type": "Transitive",
        "resolved": "9.0.1",
        "contentHash": "VYshESq/oRQpVKrBNrhzWaBpdHbiocjAQhzfWxfMKrTHeLm02x8fQb5R62KfTjcpy8ld2GH5vCq6onrZfnIvMg==",
        "dependencies": {
          "Microsoft.Extensions.Diagnostics.HealthChecks.Abstractions": "9.0.1",
          "Microsoft.Extensions.Hosting.Abstractions": "9.0.1",
          "Microsoft.Extensions.Logging.Abstractions": "9.0.1",
          "Microsoft.Extensions.Options": "9.0.1"
        }
      },
      "Microsoft.Extensions.Diagnostics.HealthChecks.Abstractions": {
        "type": "Transitive",
        "resolved": "9.0.1",
        "contentHash": "RPnCcupxYueUmCNP9woC6fQX1GRWXurGDEx91r0Sffi4TRS3j5+W6vhqe77vvh6z7Ad4+78gf8gWHuz7OPsJiw=="
      },
      "Microsoft.Extensions.FileProviders.Abstractions": {
        "type": "Transitive",
        "resolved": "9.0.1",
        "contentHash": "DguZYt1DWL05+8QKWL3b6bW7A2pC5kYFMY5iXM6W2M23jhvcNa8v6AU8PvVJBcysxHwr9/jax0agnwoBumsSwg==",
        "dependencies": {
          "Microsoft.Extensions.Primitives": "9.0.1"
        }
      },
      "Microsoft.Extensions.Hosting.Abstractions": {
        "type": "Transitive",
        "resolved": "9.0.1",
        "contentHash": "CwSMhLNe8HLkfbFzdz0CHWJhtWH3TtfZSicLBd/itFD+NqQtfGHmvqXHQbaFFl3mQB5PBb2gxwzWQyW2pIj7PA==",
        "dependencies": {
          "Microsoft.Extensions.Configuration.Abstractions": "9.0.1",
          "Microsoft.Extensions.DependencyInjection.Abstractions": "9.0.1",
          "Microsoft.Extensions.Diagnostics.Abstractions": "9.0.1",
          "Microsoft.Extensions.FileProviders.Abstractions": "9.0.1",
          "Microsoft.Extensions.Logging.Abstractions": "9.0.1"
        }
      },
      "Microsoft.Extensions.Http": {
        "type": "Transitive",
        "resolved": "9.0.1",
        "contentHash": "j1UmqmTRIc0OJhv8feVFmXhPS/Z+82o/JLF3WKlydC3esolPVVJPJ0oq/MSECXFZMBKVVpxUBJnR6dJH1hTWzQ==",
        "dependencies": {
          "Microsoft.Extensions.Configuration.Abstractions": "9.0.1",
          "Microsoft.Extensions.DependencyInjection.Abstractions": "9.0.1",
          "Microsoft.Extensions.Diagnostics": "9.0.1",
          "Microsoft.Extensions.Logging": "9.0.1",
          "Microsoft.Extensions.Logging.Abstractions": "9.0.1",
          "Microsoft.Extensions.Options": "9.0.1"
        }
      },
      "Microsoft.Extensions.Http.Diagnostics": {
        "type": "Transitive",
        "resolved": "9.1.0",
        "contentHash": "CI/O1q6gINJ7XNCqFFBLgfAY7HU1MUUKjyYqNTBz9Ib+bU87DhQbJRxJaGXRYxgqrNd9zyN/HcuoFbz8CMKnIw==",
        "dependencies": {
          "Microsoft.Extensions.DependencyInjection.AutoActivation": "9.1.0",
          "Microsoft.Extensions.Http": "9.0.1",
          "Microsoft.Extensions.Options.ConfigurationExtensions": "9.0.1",
          "Microsoft.Extensions.Telemetry": "9.1.0",
          "System.IO.Pipelines": "9.0.1"
        }
      },
      "Microsoft.Extensions.Logging": {
        "type": "Transitive",
        "resolved": "9.0.1",
        "contentHash": "E/k5r7S44DOW+08xQPnNbO8DKAQHhkspDboTThNJ6Z3/QBb4LC6gStNWzVmy3IvW7sUD+iJKf4fj0xEkqE7vnQ==",
        "dependencies": {
          "Microsoft.Extensions.DependencyInjection": "9.0.1",
          "Microsoft.Extensions.Logging.Abstractions": "9.0.1",
          "Microsoft.Extensions.Options": "9.0.1"
        }
      },
      "Microsoft.Extensions.Logging.Configuration": {
        "type": "Transitive",
        "resolved": "9.0.1",
        "contentHash": "MeZePlyu3/74Wk4FHYSzXijADJUhWa7gxtaphLxhS8zEPWdJuBCrPo0sezdCSZaKCL+cZLSLobrb7xt2zHOxZQ==",
        "dependencies": {
          "Microsoft.Extensions.Configuration": "9.0.1",
          "Microsoft.Extensions.Configuration.Abstractions": "9.0.1",
          "Microsoft.Extensions.Configuration.Binder": "9.0.1",
          "Microsoft.Extensions.DependencyInjection.Abstractions": "9.0.1",
          "Microsoft.Extensions.Logging": "9.0.1",
          "Microsoft.Extensions.Logging.Abstractions": "9.0.1",
          "Microsoft.Extensions.Options": "9.0.1",
          "Microsoft.Extensions.Options.ConfigurationExtensions": "9.0.1"
        }
      },
      "Microsoft.Extensions.ObjectPool": {
        "type": "Transitive",
        "resolved": "9.0.1",
        "contentHash": "r64veU9uYILp6pYqfo3qzRab8zLMALvXZgT4VRY79tXMLu8X79uTlJ6nqPLtPIVhfCPXycRh8ILyFz/gGBDQdQ=="
      },
      "Microsoft.Extensions.Options": {
        "type": "Transitive",
        "resolved": "9.0.1",
        "contentHash": "nggoNKnWcsBIAaOWHA+53XZWrslC7aGeok+aR+epDPRy7HI7GwMnGZE8yEsL2Onw7kMOHVHwKcsDls1INkNUJQ==",
        "dependencies": {
          "Microsoft.Extensions.DependencyInjection.Abstractions": "9.0.1",
          "Microsoft.Extensions.Primitives": "9.0.1"
        }
      },
      "Microsoft.Extensions.Options.ConfigurationExtensions": {
        "type": "Transitive",
        "resolved": "9.0.1",
        "contentHash": "8RRKWtuU4fR+8MQLR/8CqZwZ9yc2xCpllw/WPRY7kskIqEq0hMcEI4AfUJO72yGiK2QJkrsDcUvgB5Yc+3+lyg==",
        "dependencies": {
          "Microsoft.Extensions.Configuration.Abstractions": "9.0.1",
          "Microsoft.Extensions.Configuration.Binder": "9.0.1",
          "Microsoft.Extensions.DependencyInjection.Abstractions": "9.0.1",
          "Microsoft.Extensions.Options": "9.0.1",
          "Microsoft.Extensions.Primitives": "9.0.1"
        }
      },
      "Microsoft.Extensions.Primitives": {
        "type": "Transitive",
        "resolved": "9.0.1",
        "contentHash": "bHtTesA4lrSGD1ZUaMIx6frU3wyy0vYtTa/hM6gGQu5QNrydObv8T5COiGUWsisflAfmsaFOe9Xvw5NSO99z0g=="
      },
      "Microsoft.Extensions.Resilience": {
        "type": "Transitive",
        "resolved": "9.1.0",
        "contentHash": "Vynu6bf89KHy1dSzAuvXWnl59+UAESRMu6U2CTbk9WV62X/Q2kMugzqTxgqmX+c3WYvX78NEJIo8EonaNqcwrQ==",
        "dependencies": {
          "Microsoft.Extensions.Diagnostics": "9.0.1",
          "Microsoft.Extensions.Diagnostics.ExceptionSummarization": "9.1.0",
          "Microsoft.Extensions.Options.ConfigurationExtensions": "9.0.1",
          "Microsoft.Extensions.Telemetry.Abstractions": "9.1.0",
          "Polly.Extensions": "8.4.2",
          "Polly.RateLimiting": "8.4.2"
        }
      },
      "Microsoft.Extensions.Telemetry": {
        "type": "Transitive",
        "resolved": "9.1.0",
        "contentHash": "I7JgRqAMX3mzfolB+lcE0NNihyB33TOvjZsN6sIwW/KKSJWiM9cz6OXErudbDu42MNx7q2DR/7MZqpCxBXTJog==",
        "dependencies": {
          "Microsoft.Extensions.AmbientMetadata.Application": "9.1.0",
          "Microsoft.Extensions.DependencyInjection.AutoActivation": "9.1.0",
          "Microsoft.Extensions.Logging.Configuration": "9.0.1",
          "Microsoft.Extensions.ObjectPool": "9.0.1",
          "Microsoft.Extensions.Telemetry.Abstractions": "9.1.0"
        }
      },
      "Microsoft.Extensions.Telemetry.Abstractions": {
        "type": "Transitive",
        "resolved": "9.1.0",
        "contentHash": "mM2cE/9Y1lwrnInQoa8NZvoBa+8EONXcYyIHylB3EkUTPPKBZAWafFF50GNZObtcLFtSlq4B5VtJ8c6gzbXSvw==",
        "dependencies": {
          "Microsoft.Extensions.Compliance.Abstractions": "9.1.0",
          "Microsoft.Extensions.Logging.Abstractions": "9.0.1",
          "Microsoft.Extensions.ObjectPool": "9.0.1",
          "Microsoft.Extensions.Options": "9.0.1"
        }
      },
      "Microsoft.Identity.Abstractions": {
        "type": "Transitive",
        "resolved": "7.2.0",
        "contentHash": "5jXbGO26X5+I33PE6hN86ggOfT4rAbiHm84s43sBtIsfB/mMpFrD9uQNWEbGXYNfh6gNRckle7xk+F8ce9K/rA=="
      },
      "Microsoft.Identity.Client": {
        "type": "Transitive",
        "resolved": "4.66.1",
        "contentHash": "mE+m3pZ7zSKocSubKXxwZcUrCzLflC86IdLxrVjS8tialy0b1L+aECBqRBC/ykcPlB4y7skg49TaTiA+O2UfDw==",
        "dependencies": {
          "Microsoft.IdentityModel.Abstractions": "6.35.0",
          "System.Diagnostics.DiagnosticSource": "6.0.1"
        }
      },
      "Microsoft.Identity.Client.Extensions.Msal": {
        "type": "Transitive",
        "resolved": "4.61.3",
        "contentHash": "PWnJcznrSGr25MN8ajlc2XIDW4zCFu0U6FkpaNLEWLgd1NgFCp5uDY3mqLDgM8zCN8hqj8yo5wHYfLB2HjcdGw==",
        "dependencies": {
          "Microsoft.Identity.Client": "4.61.3",
          "System.Security.Cryptography.ProtectedData": "4.5.0"
        }
      },
      "Microsoft.Identity.Web.Certificate": {
        "type": "Transitive",
        "resolved": "3.5.0",
        "contentHash": "vhslyfe822zwHNifQkOOOhrGUE/PXRJaW8J/GGgTZtPbKa7fuNUK9qzNS2QEc7EyaefR9hA+TljiooMpFqTy6Q==",
        "dependencies": {
          "Azure.Identity": "1.11.4",
          "Azure.Security.KeyVault.Certificates": "4.6.0",
          "Azure.Security.KeyVault.Secrets": "4.6.0",
          "Microsoft.Identity.Abstractions": "7.2.0",
          "Microsoft.Identity.Web.Certificateless": "3.5.0",
          "Microsoft.Identity.Web.Diagnostics": "3.5.0",
          "System.Text.Json": "9.0.0"
        }
      },
      "Microsoft.Identity.Web.Certificateless": {
        "type": "Transitive",
        "resolved": "3.5.0",
        "contentHash": "5UmBLAcL2hJiuC1olXuLRN3ZU5y3rqL2mPLTt55o9N064sDUmdQLeLow90Q7JTVd8BPTMIJbczMSIT/mNTFUWw==",
        "dependencies": {
          "Microsoft.Extensions.Logging.Abstractions": "2.1.0",
          "Microsoft.Identity.Client": "4.66.1",
          "Microsoft.IdentityModel.JsonWebTokens": "8.3.0",
          "System.Text.Json": "8.0.5"
        }
      },
      "Microsoft.Identity.Web.Diagnostics": {
        "type": "Transitive",
        "resolved": "3.5.0",
        "contentHash": "eJW0CwjFCmWu/01BnSveDeCJK7HfAxG6SrXp9AkQSNeMGkNY3vAOBNMAXUxVsPda8NvDaRCNlNrcHPtmArCXAg=="
      },
      "Microsoft.Identity.Web.TokenAcquisition": {
        "type": "Transitive",
        "resolved": "3.5.0",
        "contentHash": "JuqghOy7ZNCWAkfRA6zgALLyrCTicl8A4X9Ssx5M2o9ov5ART4/VWPWzWUb0tQqTcBlOY2uc9wKgfRS311f2Gw==",
        "dependencies": {
          "Microsoft.AspNetCore.Authentication.JwtBearer": "9.0.0",
          "Microsoft.AspNetCore.Authentication.OpenIdConnect": "9.0.0",
          "Microsoft.Extensions.Http": "3.1.3",
          "Microsoft.Extensions.Options.ConfigurationExtensions": "9.0.0",
          "Microsoft.Identity.Abstractions": "7.2.0",
          "Microsoft.Identity.Web.Certificate": "3.5.0",
          "Microsoft.Identity.Web.Certificateless": "3.5.0",
          "Microsoft.Identity.Web.TokenCache": "3.5.0",
          "Microsoft.IdentityModel.Logging": "8.3.0",
          "Microsoft.IdentityModel.LoggingExtensions": "8.3.0",
          "Microsoft.IdentityModel.Protocols.OpenIdConnect": "8.3.0",
          "System.IdentityModel.Tokens.Jwt": "8.3.0"
        }
      },
      "Microsoft.Identity.Web.TokenCache": {
        "type": "Transitive",
        "resolved": "3.5.0",
        "contentHash": "7tYg3F2xr+fwzV8Fm9h9bm4mVcFV6jOClr5j8q2YFQYYxMGj0XwHC18CcTRyI5sItYF6DDYJlvtsY6l92g+oAw==",
        "dependencies": {
          "Microsoft.AspNetCore.DataProtection": "9.0.0",
          "Microsoft.Extensions.Caching.Memory": "9.0.0",
          "Microsoft.Extensions.Logging": "9.0.0",
          "Microsoft.Identity.Client": "4.66.1",
          "Microsoft.Identity.Web.Diagnostics": "3.5.0",
          "System.Formats.Asn1": "9.0.0",
          "System.Security.Cryptography.Pkcs": "9.0.0",
          "System.Security.Cryptography.Xml": "9.0.0"
        }
      },
      "Microsoft.IdentityModel.Abstractions": {
        "type": "Transitive",
        "resolved": "8.3.0",
        "contentHash": "jNin7yvWZu+K3U24q+6kD+LmGSRfbkHl9Px8hN1XrGwq6ZHgKGi/zuTm5m08G27fwqKfVXIWuIcUeq4Y1VQUOg=="
      },
      "Microsoft.IdentityModel.JsonWebTokens": {
        "type": "Transitive",
        "resolved": "8.3.0",
        "contentHash": "4SVXLT8sDG7CrHiszEBrsDYi+aDW0W9d+fuWUGdZPBdan56aM6fGXJDjbI0TVGEDjJhXbACQd8F/BnC7a+m2RQ==",
        "dependencies": {
          "Microsoft.IdentityModel.Tokens": "8.3.0"
        }
      },
      "Microsoft.IdentityModel.Logging": {
        "type": "Transitive",
        "resolved": "8.3.0",
        "contentHash": "4w4pSIGHhCCLTHqtVNR2Cc/zbDIUWIBHTZCu/9ZHm2SVwrXY3RJMcZ7EFGiKqmKZMQZJzA0bpwCZ6R8Yb7i5VQ==",
        "dependencies": {
          "Microsoft.IdentityModel.Abstractions": "8.3.0"
        }
      },
      "Microsoft.IdentityModel.LoggingExtensions": {
        "type": "Transitive",
        "resolved": "8.3.0",
        "contentHash": "6GhGvHq2oVhive7clxa/SjOkVIQ55UncY3FI+Y2HUv4BBaMVrMQNo7Prm6xqtNCXtrKmaqWYMrDIqRf5gphUjw==",
        "dependencies": {
          "Microsoft.Extensions.Logging.Abstractions": "2.1.1",
          "Microsoft.IdentityModel.Abstractions": "8.3.0"
        }
      },
      "Microsoft.IdentityModel.Protocols": {
        "type": "Transitive",
        "resolved": "8.3.0",
        "contentHash": "NNJajNK9cgH61BVY1T/yaHROjCn+KKGQHPk5gxzMBiSit6PW1teiqPBBfSO/y6hVkGMOVKc5hNJfqJsn+5jHjQ==",
        "dependencies": {
          "Microsoft.IdentityModel.Tokens": "8.3.0"
        }
      },
      "Microsoft.IdentityModel.Protocols.OpenIdConnect": {
        "type": "Transitive",
        "resolved": "8.3.0",
        "contentHash": "kwHswQYvRbggxanPOdE99bkOCELQkgEjg/GNAGTBcrmAZff849DIEBG/utPVNbVDFNDmR+xi0ublSfofWfNTww==",
        "dependencies": {
          "Microsoft.IdentityModel.Protocols": "8.3.0",
          "System.IdentityModel.Tokens.Jwt": "8.3.0"
        }
      },
      "Microsoft.IdentityModel.Tokens": {
        "type": "Transitive",
        "resolved": "8.3.0",
        "contentHash": "yGzqmk+kInH50zeSEH/L1/J0G4/yqTQNq4YmdzOhpE7s/86tz37NS2YbbY2ievbyGjmeBI1mq26QH+yBR6AK3Q==",
        "dependencies": {
          "Microsoft.IdentityModel.Logging": "8.3.0"
        }
      },
      "Microsoft.IdentityModel.Validators": {
        "type": "Transitive",
        "resolved": "8.3.0",
        "contentHash": "bwjSX8Y8Rv6PyRMSnC2mpVNtr25G2YuQuNEhSQ5943x0FxwdXJYpMvauLw8yyX7rOD+ZhBoFL9P4wdPriY77JA==",
        "dependencies": {
          "Microsoft.IdentityModel.Protocols": "8.3.0",
          "Microsoft.IdentityModel.Protocols.OpenIdConnect": "8.3.0",
          "Microsoft.IdentityModel.Tokens": "8.3.0",
          "System.IdentityModel.Tokens.Jwt": "8.3.0"
        }
      },
      "Polly.Core": {
        "type": "Transitive",
        "resolved": "8.5.1",
        "contentHash": "47BFjJJhlfSrwLgKoouCJYOYd+IRtFSrvaI9/QL3hbs6qGRtByw7D3QBVnGiDPNNSZ7oHfE7Fm/QIg/gd2ypWw=="
      },
      "Polly.Extensions": {
        "type": "Transitive",
        "resolved": "8.4.2",
        "contentHash": "GZ9vRVmR0jV2JtZavt+pGUsQ1O1cuRKG7R7VOZI6ZDy9y6RNPvRvXK1tuS4ffUrv8L0FTea59oEuQzgS0R7zSA==",
        "dependencies": {
          "Microsoft.Extensions.Logging.Abstractions": "8.0.0",
          "Microsoft.Extensions.Options": "8.0.0",
          "Polly.Core": "8.4.2"
        }
      },
      "Polly.RateLimiting": {
        "type": "Transitive",
        "resolved": "8.4.2",
        "contentHash": "ehTImQ/eUyO07VYW2WvwSmU9rRH200SKJ/3jku9rOkyWE0A2JxNFmAVms8dSn49QLSjmjFRRSgfNyOgr/2PSmA==",
        "dependencies": {
          "Polly.Core": "8.4.2",
          "System.Threading.RateLimiting": "8.0.0"
        }
      },
      "Serilog": {
        "type": "Transitive",
        "resolved": "4.2.0",
        "contentHash": "gmoWVOvKgbME8TYR+gwMf7osROiWAURterc6Rt2dQyX7wtjZYpqFiA/pY6ztjGQKKV62GGCyOcmtP1UKMHgSmA=="
      },
      "Serilog.Extensions.Hosting": {
        "type": "Transitive",
        "resolved": "9.0.0",
        "contentHash": "u2TRxuxbjvTAldQn7uaAwePkWxTHIqlgjelekBtilAGL5sYyF3+65NWctN4UrwwGLsDC7c3Vz3HnOlu+PcoxXg==",
        "dependencies": {
          "Microsoft.Extensions.DependencyInjection.Abstractions": "9.0.0",
          "Microsoft.Extensions.Hosting.Abstractions": "9.0.0",
          "Microsoft.Extensions.Logging.Abstractions": "9.0.0",
          "Serilog": "4.2.0",
          "Serilog.Extensions.Logging": "9.0.0"
        }
      },
      "Serilog.Formatting.Compact": {
        "type": "Transitive",
        "resolved": "3.0.0",
        "contentHash": "wQsv14w9cqlfB5FX2MZpNsTawckN4a8dryuNGbebB/3Nh1pXnROHZov3swtu3Nj5oNG7Ba+xdu7Et/ulAUPanQ==",
        "dependencies": {
          "Serilog": "4.0.0"
        }
      },
      "Serilog.Sinks.Debug": {
        "type": "Transitive",
        "resolved": "3.0.0",
        "contentHash": "4BzXcdrgRX7wde9PmHuYd9U6YqycCC28hhpKonK7hx0wb19eiuRj16fPcPSVp0o/Y1ipJuNLYQ00R3q2Zs8FDA==",
        "dependencies": {
          "Serilog": "4.0.0"
        }
      },
      "System.ClientModel": {
        "type": "Transitive",
        "resolved": "1.0.0",
        "contentHash": "I3CVkvxeqFYjIVEP59DnjbeoGNfo/+SZrCLpRz2v/g0gpCHaEMPtWSY0s9k/7jR1rAsLNg2z2u1JRB76tPjnIw==",
        "dependencies": {
          "System.Memory.Data": "1.0.2",
          "System.Text.Json": "4.7.2"
        }
      },
      "System.Diagnostics.DiagnosticSource": {
        "type": "Transitive",
        "resolved": "8.0.1",
        "contentHash": "vaoWjvkG1aenR2XdjaVivlCV9fADfgyhW5bZtXT23qaEea0lWiUljdQuze4E31vKM7ZWJaSUsbYIKE3rnzfZUg=="
      },
      "System.Formats.Asn1": {
        "type": "Transitive",
        "resolved": "9.0.0",
        "contentHash": "VRDjgfqV0hCma5HBQa46nZTRuqfYMWZClwxUtvLJVTCeDp9Esdvr91AfEWP98IMO8ooSv1yXb6/oCc6jApoXvQ=="
      },
      "System.IdentityModel.Tokens.Jwt": {
        "type": "Transitive",
        "resolved": "8.3.0",
        "contentHash": "9GESpDG0Zb17HD5mBW/uEWi2yz/uKPmCthX2UhyLnk42moGH2FpMgXA2Y4l2Qc7P75eXSUTA6wb/c9D9GSVkzw==",
        "dependencies": {
          "Microsoft.IdentityModel.JsonWebTokens": "8.3.0",
          "Microsoft.IdentityModel.Tokens": "8.3.0"
        }
      },
      "System.IO.Pipelines": {
        "type": "Transitive",
        "resolved": "9.0.1",
        "contentHash": "uXf5o8eV/gtzDQY4lGROLFMWQvcViKcF8o4Q6KpIOjloAQXrnscQSu6gTxYJMHuNJnh7szIF9AzkaEq+zDLoEg=="
      },
      "System.Memory": {
        "type": "Transitive",
        "resolved": "4.5.4",
        "contentHash": "1MbJTHS1lZ4bS4FmsJjnuGJOu88ZzTT2rLvrhW7Ygic+pC0NWA+3hgAen0HRdsocuQXCkUTdFn9yHJJhsijDXw=="
      },
      "System.Memory.Data": {
        "type": "Transitive",
        "resolved": "1.0.2",
        "contentHash": "JGkzeqgBsiZwKJZ1IxPNsDFZDhUvuEdX8L8BDC8N3KOj+6zMcNU28CNN59TpZE/VJYy9cP+5M+sbxtWJx3/xtw==",
        "dependencies": {
          "System.Text.Encodings.Web": "4.7.2",
          "System.Text.Json": "4.6.0"
        }
      },
      "System.Numerics.Vectors": {
        "type": "Transitive",
        "resolved": "4.5.0",
        "contentHash": "QQTlPTl06J/iiDbJCiepZ4H//BVraReU4O4EoRw1U02H5TLUIT7xn3GnDp9AXPSlJUDyFs4uWjWafNX6WrAojQ=="
      },
      "System.Runtime.CompilerServices.Unsafe": {
        "type": "Transitive",
        "resolved": "6.0.0",
        "contentHash": "/iUeP3tq1S0XdNNoMz5C9twLSrM/TH+qElHkXWaPvuNOt+99G75NrV0OS2EqHx5wMN7popYjpc8oTjC1y16DLg=="
      },
      "System.Security.Cryptography.Pkcs": {
        "type": "Transitive",
        "resolved": "9.0.0",
        "contentHash": "8tluJF8w9si+2yoHeL8rgVJS6lKvWomTDC8px65Z8MCzzdME5eaPtEQf4OfVGrAxB5fW93ncucy1+221O9EQaw=="
      },
      "System.Security.Cryptography.ProtectedData": {
        "type": "Transitive",
        "resolved": "4.7.0",
        "contentHash": "ehYW0m9ptxpGWvE4zgqongBVWpSDU/JCFD4K7krxkQwSz/sFQjEXCUqpvencjy6DYDbn7Ig09R8GFffu8TtneQ=="
      },
      "System.Security.Cryptography.Xml": {
        "type": "Transitive",
        "resolved": "9.0.0",
        "contentHash": "GQZn5wFd+pyOfwWaCbqxG7trQ5ox01oR8kYgWflgtux4HiUNihGEgG2TktRWyH+9bw7NoEju1D41H/upwQeFQw==",
        "dependencies": {
          "System.Security.Cryptography.Pkcs": "9.0.0"
        }
      },
      "System.Text.Encodings.Web": {
        "type": "Transitive",
        "resolved": "6.0.0",
        "contentHash": "Vg8eB5Tawm1IFqj4TVK1czJX89rhFxJo9ELqc/Eiq0eXy13RK00eubyU6TJE6y+GQXjyV5gSfiewDUZjQgSE0w==",
        "dependencies": {
          "System.Runtime.CompilerServices.Unsafe": "6.0.0"
        }
      },
      "System.Text.Json": {
        "type": "Transitive",
        "resolved": "9.0.0",
        "contentHash": "js7+qAu/9mQvnhA4EfGMZNEzXtJCDxgkgj8ohuxq/Qxv+R56G+ljefhiJHOxTNiw54q8vmABCWUwkMulNdlZ4A=="
      },
      "System.Threading.RateLimiting": {
        "type": "Transitive",
        "resolved": "8.0.0",
        "contentHash": "7mu9v0QDv66ar3DpGSZHg9NuNcxDaaAcnMULuZlaTpP9+hwXhrxNGsF5GmLkSHxFdb5bBc1TzeujsRgTrPWi+Q=="
      },
      "System.Threading.Tasks.Extensions": {
        "type": "Transitive",
        "resolved": "4.5.4",
        "contentHash": "zteT+G8xuGu6mS+mzDzYXbzS7rd3K6Fjb9RiZlYlJPam2/hU7JCBZBVEcywNuR+oZ1ncTvc/cq0faRr3P01OVg=="
      },
      "CraftersCloud.ReferenceArchitecture.Core": {
        "type": "Project",
        "dependencies": {
          "CraftersCloud.Core": "[2.0.0-preview.2, )",
          "CraftersCloud.Core.SmartEnums": "[2.0.0-preview.2, )",
          "CraftersCloud.Core.SourceGenerator": "[2.0.0-preview.2, )",
          "JetBrains.Annotations": "[2024.3.0, )",
          "OneOf": "[3.0.271, )",
          "OneOf.SourceGenerator": "[3.0.271, )"
        }
      },
      "CraftersCloud.ReferenceArchitecture.Domain": {
        "type": "Project",
        "dependencies": {
          "CraftersCloud.Core.EntityFramework": "[2.0.0-preview.2, )",
          "CraftersCloud.ReferenceArchitecture.Core": "[1.0.0, )",
          "FluentValidation": "[11.11.0, )",
          "JetBrains.Annotations": "[2024.3.0, )"
        }
      },
      "FluentValidation": {
        "type": "CentralTransitive",
        "requested": "[11.11.0, )",
        "resolved": "11.11.0",
        "contentHash": "cyIVdQBwSipxWG8MA3Rqox7iNbUNUTK5bfJi9tIdm4CAfH71Oo5ABLP4/QyrUwuakqpUEPGtE43BDddvEehuYw=="
      },
      "Microsoft.EntityFrameworkCore": {
        "type": "CentralTransitive",
        "requested": "[9.0.1, )",
        "resolved": "9.0.1",
        "contentHash": "E25w4XugXNykTr5Y/sLDGaQ4lf67n9aXVPvsdGsIZjtuLmbvb9AoYP8D50CDejY8Ro4D9GK2kNHz5lWHqSK+wg==",
        "dependencies": {
          "Microsoft.EntityFrameworkCore.Abstractions": "9.0.1",
          "Microsoft.EntityFrameworkCore.Analyzers": "9.0.1",
          "Microsoft.Extensions.Caching.Memory": "9.0.1",
          "Microsoft.Extensions.Logging": "9.0.1"
        }
      },
      "Microsoft.EntityFrameworkCore.Relational": {
        "type": "CentralTransitive",
        "requested": "[9.0.1, )",
        "resolved": "9.0.1",
        "contentHash": "7Iu0h4oevRvH4IwPzmxuIJGYRt55TapoREGlluk75KCO7lenN0+QnzCl6cQDY48uDoxAUpJbpK2xW7o8Ix69dw==",
        "dependencies": {
          "Microsoft.EntityFrameworkCore": "9.0.1",
          "Microsoft.Extensions.Caching.Memory": "9.0.1",
          "Microsoft.Extensions.Configuration.Abstractions": "9.0.1",
          "Microsoft.Extensions.Logging": "9.0.1"
        }
      },
      "Microsoft.Extensions.Logging.Abstractions": {
        "type": "CentralTransitive",
        "requested": "[9.0.1, )",
        "resolved": "9.0.1",
        "contentHash": "w2gUqXN/jNIuvqYwX3lbXagsizVNXYyt6LlF57+tMve4JYCEgCMMAjRce6uKcDASJgpMbErRT1PfHy2OhbkqEA==",
        "dependencies": {
          "Microsoft.Extensions.DependencyInjection.Abstractions": "9.0.1"
        }
      },
      "OneOf": {
        "type": "CentralTransitive",
        "requested": "[3.0.271, )",
        "resolved": "3.0.271",
        "contentHash": "pqpqeK8xQGggExhr4tesVgJkjdn+9HQAO0QgrYV2hFjE3y90okzk1kQMntMiUOGfV7FrCUfKPaVvPBD4IANqKg=="
      },
      "OneOf.SourceGenerator": {
        "type": "CentralTransitive",
        "requested": "[3.0.271, )",
        "resolved": "3.0.271",
        "contentHash": "I7e5kx5prSV99g+rM/xO5KMhwBQL/b+NlUY76RhbutXJ0tgiuMoqgOFnlTHOxCLrlKmwaMzp3VI8oz05PSlcIA=="
      }
    }
  }
}