
Microsoft Visual Studio Solution File, Format Version 12.00
# Visual Studio Version 17
VisualStudioVersion = 17.0.31912.275
MinimumVisualStudioVersion = 10.0.40219.1
Project("{9A19103F-16F7-4668-BE54-9A1E7A4F7556}") = "Api", "src\Api\Api.csproj", "{A8F3B2D4-4D4A-4D1B-A0F1-6D91C76B902E}"
EndProject
Project("{9A19103F-16F7-4668-BE54-9A1E7A4F7556}") = "Infrastructure", "src\Infrastructure\Infrastructure.csproj", "{1C6FBC5A-6B59-498F-9C68-C7B5F7B0A465}"
EndProject
Project("{9A19103F-16F7-4668-BE54-9A1E7A4F7556}") = "Domain", "src\Domain\Domain.csproj", "{C9B505F6-C8DA-4A4B-84E0-739AA6178D54}"
EndProject
Project("{9A19103F-16F7-4668-BE54-9A1E7A4F7556}") = "Core", "src\Core\Core.csproj", "{E853E78E-C743-475B-9D1C-3A453F1D7F67}"
EndProject
Project("{9A19103F-16F7-4668-BE54-9A1E7A4F7556}") = "Migrations", "src\Migrations\Migrations.csproj", "{2AE3B5A1-0C2C-415E-ABCE-C84C1F936D45}"
EndProject
Project("{9A19103F-16F7-4668-BE54-9A1E7A4F7556}") = "Api.Tests", "tests\Api.Tests\Api.Tests.csproj", "{E44462C0-74F4-41E0-BE7D-9C5D1D5A75C0}"
EndProject
Project("{9A19103F-16F7-4668-BE54-9A1E7A4F7556}") = "Domain.Tests", "tests\Domain.Tests\Domain.Tests.csproj", "{9C4A8C1D-69F3-4F4B-8BA4-8F49B2925D6C}"
EndProject
Project("{9A19103F-16F7-4668-BE54-9A1E7A4F7556}") = "Application", "src\Application\Application.csproj", "{5EAFF723-F0B5-46E4-97EA-5368498F198D}"
EndProject
Project("{2150E333-8FDC-42A3-9474-1A3956D46DE8}") = "Solution Items", "Solution Items", "{43C24ED4-2E1B-418A-B9DA-6D02FD5643A5}"
	ProjectSection(SolutionItems) = preProject
		.editorconfig = .editorconfig
		.runsettings = .runsettings
		Directory.Build.props = Directory.Build.props
		Directory.Packages.props = Directory.Packages.props
		nuget.config = nuget.config
		README.md = README.md
		Tests.Build.props = Tests.Build.props
	EndProjectSection
EndProject
Project("{9A19103F-16F7-4668-BE54-9A1E7A4F7556}") = "Infrastructure.Tests", "tests\Infrastructure.Tests\Infrastructure.Tests.csproj", "{7F7E0326-5D22-4B73-BE77-74F29F713EEB}"
EndProject
Project("{FAE04EC0-301F-11D3-BF4B-00C04F79EFBC}") = "Common.Tests", "tests\Common.Tests\Common.Tests.csproj", "{B07D9C68-8CA0-4949-9CC5-BEEB245BC965}"
EndProject
Project("{2150E333-8FDC-42A3-9474-1A3956D46DE8}") = ".github", ".github", "{9D8F45F1-C9B2-4E11-8BCE-3F6B10B029F9}"
EndProject
Project("{2150E333-8FDC-42A3-9474-1A3956D46DE8}") = "workflows", "workflows", "{35AE5D90-4D02-4514-93EB-A98641AD8C22}"
	ProjectSection(SolutionItems) = preProject
		.github\workflows\ci.yml = .github\workflows\ci.yml
	EndProjectSection
EndProject
Project("{2150E333-8FDC-42A3-9474-1A3956D46DE8}") = "src", "src", "{1B9A7DFE-EF36-4ED3-B967-92BDC387E64A}"
EndProject
Project("{2150E333-8FDC-42A3-9474-1A3956D46DE8}") = "tests", "tests", "{00D8C43E-C17D-44A2-9D59-AAB0817D6F0E}"
EndProject
Project("{2150E333-8FDC-42A3-9474-1A3956D46DE8}") = "scripts", "scripts", "{4F7D1D09-5198-4C68-B981-31BFD9C3C0F5}"
	ProjectSection(SolutionItems) = preProject
		scripts\add-migration.ps1 = scripts\add-migration.ps1
		scripts\open-api-logs.ps1 = scripts\open-api-logs.ps1
		scripts\build.ps1 = scripts\build.ps1
		scripts\utils.ps1 = scripts\utils.ps1
		scripts\new-feature.ps1 = scripts\new-feature.ps1
	EndProjectSection
EndProject
Project("{2150E333-8FDC-42A3-9474-1A3956D46DE8}") = "templates", "templates", "{6D9F7F63-7B8E-43A0-BAE8-2ABD7A1C1D26}"
	ProjectSection(SolutionItems) = preProject
		templates\TEMPLATE.md = templates\TEMPLATE.md
	EndProjectSection
EndProject
Project("{FAE04EC0-301F-11D3-BF4B-00C04F79EFBC}") = "Feature", "templates\content\Feature\Feature.csproj", "{95C5A10B-FCF3-4013-8280-4EB8CF06F1E7}"
EndProject
Project("{FAE04EC0-301F-11D3-BF4B-00C04F79EFBC}") = "Solution", "templates\content\Solution\Solution.csproj", "{2ECAB2F3-4ECD-49E0-8BBE-18842BB63FBA}"
EndProject
Project("{2150E333-8FDC-42A3-9474-1A3956D46DE8}") = "content", "content", "{AEB02C07-B3C3-4696-9EF5-F32F8E30B045}"
EndProject
Project("{FAE04EC0-301F-11D3-BF4B-00C04F79EFBC}") = "ProjectTemplates", "templates\ProjectTemplates.csproj", "{54D92D01-1BB7-46EF-977F-AF9B0F590EA5}"
EndProject
Global
	GlobalSection(SolutionConfigurationPlatforms) = preSolution
		Debug|Any CPU = Debug|Any CPU
		Release|Any CPU = Release|Any CPU
	EndGlobalSection
	GlobalSection(ProjectConfigurationPlatforms) = postSolution
		{A8F3B2D4-4D4A-4D1B-A0F1-6D91C76B902E}.Debug|Any CPU.ActiveCfg = Debug|Any CPU
		{A8F3B2D4-4D4A-4D1B-A0F1-6D91C76B902E}.Debug|Any CPU.Build.0 = Debug|Any CPU
		{A8F3B2D4-4D4A-4D1B-A0F1-6D91C76B902E}.Release|Any CPU.ActiveCfg = Release|Any CPU
		{A8F3B2D4-4D4A-4D1B-A0F1-6D91C76B902E}.Release|Any CPU.Build.0 = Release|Any CPU
		{1C6FBC5A-6B59-498F-9C68-C7B5F7B0A465}.Debug|Any CPU.ActiveCfg = Debug|Any CPU
		{1C6FBC5A-6B59-498F-9C68-C7B5F7B0A465}.Debug|Any CPU.Build.0 = Debug|Any CPU
		{1C6FBC5A-6B59-498F-9C68-C7B5F7B0A465}.Release|Any CPU.ActiveCfg = Release|Any CPU
		{1C6FBC5A-6B59-498F-9C68-C7B5F7B0A465}.Release|Any CPU.Build.0 = Release|Any CPU
		{C9B505F6-C8DA-4A4B-84E0-739AA6178D54}.Debug|Any CPU.ActiveCfg = Debug|Any CPU
		{C9B505F6-C8DA-4A4B-84E0-739AA6178D54}.Debug|Any CPU.Build.0 = Debug|Any CPU
		{C9B505F6-C8DA-4A4B-84E0-739AA6178D54}.Release|Any CPU.ActiveCfg = Release|Any CPU
		{C9B505F6-C8DA-4A4B-84E0-739AA6178D54}.Release|Any CPU.Build.0 = Release|Any CPU
		{E853E78E-C743-475B-9D1C-3A453F1D7F67}.Debug|Any CPU.ActiveCfg = Debug|Any CPU
		{E853E78E-C743-475B-9D1C-3A453F1D7F67}.Debug|Any CPU.Build.0 = Debug|Any CPU
		{E853E78E-C743-475B-9D1C-3A453F1D7F67}.Release|Any CPU.ActiveCfg = Release|Any CPU
		{E853E78E-C743-475B-9D1C-3A453F1D7F67}.Release|Any CPU.Build.0 = Release|Any CPU
		{2AE3B5A1-0C2C-415E-ABCE-C84C1F936D45}.Debug|Any CPU.ActiveCfg = Debug|Any CPU
		{2AE3B5A1-0C2C-415E-ABCE-C84C1F936D45}.Debug|Any CPU.Build.0 = Debug|Any CPU
		{2AE3B5A1-0C2C-415E-ABCE-C84C1F936D45}.Release|Any CPU.ActiveCfg = Release|Any CPU
		{2AE3B5A1-0C2C-415E-ABCE-C84C1F936D45}.Release|Any CPU.Build.0 = Release|Any CPU
		{E44462C0-74F4-41E0-BE7D-9C5D1D5A75C0}.Debug|Any CPU.ActiveCfg = Debug|Any CPU
		{E44462C0-74F4-41E0-BE7D-9C5D1D5A75C0}.Debug|Any CPU.Build.0 = Debug|Any CPU
		{E44462C0-74F4-41E0-BE7D-9C5D1D5A75C0}.Release|Any CPU.ActiveCfg = Release|Any CPU
		{E44462C0-74F4-41E0-BE7D-9C5D1D5A75C0}.Release|Any CPU.Build.0 = Release|Any CPU
		{9C4A8C1D-69F3-4F4B-8BA4-8F49B2925D6C}.Debug|Any CPU.ActiveCfg = Debug|Any CPU
		{9C4A8C1D-69F3-4F4B-8BA4-8F49B2925D6C}.Debug|Any CPU.Build.0 = Debug|Any CPU
		{9C4A8C1D-69F3-4F4B-8BA4-8F49B2925D6C}.Release|Any CPU.ActiveCfg = Release|Any CPU
		{9C4A8C1D-69F3-4F4B-8BA4-8F49B2925D6C}.Release|Any CPU.Build.0 = Release|Any CPU
		{5EAFF723-F0B5-46E4-97EA-5368498F198D}.Debug|Any CPU.ActiveCfg = Debug|Any CPU
		{5EAFF723-F0B5-46E4-97EA-5368498F198D}.Debug|Any CPU.Build.0 = Debug|Any CPU
		{5EAFF723-F0B5-46E4-97EA-5368498F198D}.Release|Any CPU.ActiveCfg = Release|Any CPU
		{5EAFF723-F0B5-46E4-97EA-5368498F198D}.Release|Any CPU.Build.0 = Release|Any CPU
		{7F7E0326-5D22-4B73-BE77-74F29F713EEB}.Debug|Any CPU.ActiveCfg = Debug|Any CPU
		{7F7E0326-5D22-4B73-BE77-74F29F713EEB}.Debug|Any CPU.Build.0 = Debug|Any CPU
		{7F7E0326-5D22-4B73-BE77-74F29F713EEB}.Release|Any CPU.ActiveCfg = Release|Any CPU
		{7F7E0326-5D22-4B73-BE77-74F29F713EEB}.Release|Any CPU.Build.0 = Release|Any CPU
		{B07D9C68-8CA0-4949-9CC5-BEEB245BC965}.Debug|Any CPU.ActiveCfg = Debug|Any CPU
		{B07D9C68-8CA0-4949-9CC5-BEEB245BC965}.Debug|Any CPU.Build.0 = Debug|Any CPU
		{B07D9C68-8CA0-4949-9CC5-BEEB245BC965}.Release|Any CPU.ActiveCfg = Release|Any CPU
		{B07D9C68-8CA0-4949-9CC5-BEEB245BC965}.Release|Any CPU.Build.0 = Release|Any CPU
		{95C5A10B-FCF3-4013-8280-4EB8CF06F1E7}.Debug|Any CPU.ActiveCfg = Debug|Any CPU
		{95C5A10B-FCF3-4013-8280-4EB8CF06F1E7}.Debug|Any CPU.Build.0 = Debug|Any CPU
		{95C5A10B-FCF3-4013-8280-4EB8CF06F1E7}.Release|Any CPU.ActiveCfg = Release|Any CPU
		{95C5A10B-FCF3-4013-8280-4EB8CF06F1E7}.Release|Any CPU.Build.0 = Release|Any CPU
		{2ECAB2F3-4ECD-49E0-8BBE-18842BB63FBA}.Debug|Any CPU.ActiveCfg = Debug|Any CPU
		{2ECAB2F3-4ECD-49E0-8BBE-18842BB63FBA}.Debug|Any CPU.Build.0 = Debug|Any CPU
		{2ECAB2F3-4ECD-49E0-8BBE-18842BB63FBA}.Release|Any CPU.ActiveCfg = Release|Any CPU
		{2ECAB2F3-4ECD-49E0-8BBE-18842BB63FBA}.Release|Any CPU.Build.0 = Release|Any CPU
		{54D92D01-1BB7-46EF-977F-AF9B0F590EA5}.Debug|Any CPU.ActiveCfg = Debug|Any CPU
		{54D92D01-1BB7-46EF-977F-AF9B0F590EA5}.Debug|Any CPU.Build.0 = Debug|Any CPU
		{54D92D01-1BB7-46EF-977F-AF9B0F590EA5}.Release|Any CPU.ActiveCfg = Release|Any CPU
		{54D92D01-1BB7-46EF-977F-AF9B0F590EA5}.Release|Any CPU.Build.0 = Release|Any CPU
	EndGlobalSection
	GlobalSection(SolutionProperties) = preSolution
		HideSolutionNode = FALSE
	EndGlobalSection
	GlobalSection(NestedProjects) = preSolution
		{35AE5D90-4D02-4514-93EB-A98641AD8C22} = {9D8F45F1-C9B2-4E11-8BCE-3F6B10B029F9}
		{A8F3B2D4-4D4A-4D1B-A0F1-6D91C76B902E} = {1B9A7DFE-EF36-4ED3-B967-92BDC387E64A}
		{E44462C0-74F4-41E0-BE7D-9C5D1D5A75C0} = {00D8C43E-C17D-44A2-9D59-AAB0817D6F0E}
		{B07D9C68-8CA0-4949-9CC5-BEEB245BC965} = {00D8C43E-C17D-44A2-9D59-AAB0817D6F0E}
		{9C4A8C1D-69F3-4F4B-8BA4-8F49B2925D6C} = {00D8C43E-C17D-44A2-9D59-AAB0817D6F0E}
		{7F7E0326-5D22-4B73-BE77-74F29F713EEB} = {00D8C43E-C17D-44A2-9D59-AAB0817D6F0E}
		{5EAFF723-F0B5-46E4-97EA-5368498F198D} = {1B9A7DFE-EF36-4ED3-B967-92BDC387E64A}
		{E853E78E-C743-475B-9D1C-3A453F1D7F67} = {1B9A7DFE-EF36-4ED3-B967-92BDC387E64A}
		{2AE3B5A1-0C2C-415E-ABCE-C84C1F936D45} = {1B9A7DFE-EF36-4ED3-B967-92BDC387E64A}
		{C9B505F6-C8DA-4A4B-84E0-739AA6178D54} = {1B9A7DFE-EF36-4ED3-B967-92BDC387E64A}
		{1C6FBC5A-6B59-498F-9C68-C7B5F7B0A465} = {1B9A7DFE-EF36-4ED3-B967-92BDC387E64A}
		{AEB02C07-B3C3-4696-9EF5-F32F8E30B045} = {6D9F7F63-7B8E-43A0-BAE8-2ABD7A1C1D26}
		{95C5A10B-FCF3-4013-8280-4EB8CF06F1E7} = {AEB02C07-B3C3-4696-9EF5-F32F8E30B045}
		{2ECAB2F3-4ECD-49E0-8BBE-18842BB63FBA} = {AEB02C07-B3C3-4696-9EF5-F32F8E30B045}
		{54D92D01-1BB7-46EF-977F-AF9B0F590EA5} = {6D9F7F63-7B8E-43A0-BAE8-2ABD7A1C1D26}
	EndGlobalSection
	GlobalSection(ExtensibilityGlobals) = postSolution
		SolutionGuid = {5366D8D0-38E2-403F-BD61-0BE58A895283}
	EndGlobalSection
EndGlobal
