{
  "version": 2,
  "dependencies": {
    "net9.0": {
      "FluentValidation": {
        "type": "Direct",
        "requested": "[11.10.0, )",
        "resolved": "11.10.0",
        "contentHash": "qsJGSJDdZ8qiG+lVJ70PZfJHcEdq8UQZ/tZDXoj78/iHKG6lVKtMJsD11zyyv/IPc7rwqGqnFoFLTNzpo3IPYg=="
      },
      "MinVer": {
        "type": "Direct",
        "requested": "[6.0.0, )",
        "resolved": "6.0.0",
        "contentHash": "+/SsmiySsXJlvQLCGBqaZKNVt3s/Y/HbAdwtop7Km2CnuZbaScoqkWJEBQ5Cy9ebkn6kCYKrHsXgwrFdTgcb3g=="
      },
      "CraftersCloud.ReferenceArchitecture.Core": {
        "type": "Project",
        "dependencies": {
          "CraftersCloud.Core": "[1.0.17, )",
          "CraftersCloud.Core.SmartEnums": "[1.0.17, )"
        }
      }
    }
  }
}