{
  "version": 2,
  "dependencies": {
    "net9.0": {
      "CraftersCloud.Core": {
        "type": "Direct",
        "requested": "[3.0.2, )",
        "resolved": "3.0.2",
        "contentHash": "x2Y2xVcv74x4l2P0k7ufU+N72w01iOcwFtJR2YbXSbNYlP9TToJOT/LUh9cp2A9B4eEtW3RwLsGFp4QOKgTmMA==",
        "dependencies": {
          "FluentValidation": "12.0.0",
          "JetBrains.Annotations": "2025.2.0",
          "MediatR": "12.5.0",
          "OneOf": "3.0.271"
        }
      },
      "CraftersCloud.Core.SmartEnums": {
        "type": "Direct",
        "requested": "[3.0.2, )",
        "resolved": "3.0.2",
        "contentHash": "6d56l92UWX3qGvDMcw/yDgPvSjA6aCkYBpTo96qknGwmwlQRdmUlX5X2PpwNtW3Z1WPKE2wy+oym08RTfSnRaA==",
        "dependencies": {
          "Ardalis.SmartEnum": "8.2.0",
          "CraftersCloud.Core": "3.0.2",
          "JetBrains.Annotations": "2025.2.0"
        }
      },
      "CraftersCloud.Core.SourceGenerator": {
        "type": "Direct",
        "requested": "[3.0.2, )",
        "resolved": "3.0.2",
        "contentHash": "cgfi7taXGABcioPgRPxbMtJo1Yy3FEQWjuPpYzSLNFhrKYu7M6eHlyiSf9O10h2HJu7jbfIDLOvarMNXRbtTKg==",
        "dependencies": {
          "JetBrains.Annotations": "2025.2.0"
        }
      },
      "JetBrains.Annotations": {
        "type": "Direct",
        "requested": "[2025.2.0, )",
        "resolved": "2025.2.0",
        "contentHash": "2BvMkOSW+50EbQFhWFIPWTqmcDLiyyjwkMN7lN386bhP2vN/7ts5t59qu11HtenmHFxqDzaD8J1fFoh+QTOzVA=="
      },
      "MinVer": {
        "type": "Direct",
        "requested": "[6.0.0, )",
        "resolved": "6.0.0",
        "contentHash": "+/SsmiySsXJlvQLCGBqaZKNVt3s/Y/HbAdwtop7Km2CnuZbaScoqkWJEBQ5Cy9ebkn6kCYKrHsXgwrFdTgcb3g=="
      },
      "OneOf": {
        "type": "Direct",
        "requested": "[3.0.271, )",
        "resolved": "3.0.271",
        "contentHash": "pqpqeK8xQGggExhr4tesVgJkjdn+9HQAO0QgrYV2hFjE3y90okzk1kQMntMiUOGfV7FrCUfKPaVvPBD4IANqKg=="
      },
      "OneOf.SourceGenerator": {
        "type": "Direct",
        "requested": "[3.0.271, )",
        "resolved": "3.0.271",
        "contentHash": "I7e5kx5prSV99g+rM/xO5KMhwBQL/b+NlUY76RhbutXJ0tgiuMoqgOFnlTHOxCLrlKmwaMzp3VI8oz05PSlcIA=="
      },
      "Ardalis.SmartEnum": {
        "type": "Transitive",
        "resolved": "8.2.0",
        "contentHash": "P1CLI2okpzHjOJnZMYLnzcyu1/fUJEYK1X4JSnal2TPmovrUTtXK6Sn78D2JgKUdwjSeWddnRveMj+BEZoksvg=="
      },
      "MediatR": {
        "type": "Transitive",
        "resolved": "12.5.0",
        "contentHash": "vqm2H8/nqL5NAJHPhsG1JOPwfkmbVrPyh4svdoRzu+uZh6Ex7PRoHBGsLYC0/RWCEJFqD1ohHNpteQvql9OktA==",
        "dependencies": {
          "MediatR.Contracts": "[2.0.1, 3.0.0)",
          "Microsoft.Extensions.DependencyInjection.Abstractions": "8.0.0"
        }
      },
      "MediatR.Contracts": {
        "type": "Transitive",
        "resolved": "2.0.1",
        "contentHash": "FYv95bNT4UwcNA+G/J1oX5OpRiSUxteXaUt2BJbRSdRNiIUNbggJF69wy6mnk2wYToaanpdXZdCwVylt96MpwQ=="
      },
      "Microsoft.Extensions.DependencyInjection.Abstractions": {
        "type": "Transitive",
        "resolved": "8.0.0",
        "contentHash": "cjWrLkJXK0rs4zofsK4bSdg+jhDLTaxrkXu4gS6Y7MAlCvRyNNgwY/lJi5RDlQOnSZweHqoyvgvbdvQsRIW+hg=="
      },
      "FluentValidation": {
        "type": "CentralTransitive",
        "requested": "[12.0.0, )",
        "resolved": "12.0.0",
        "contentHash": "8NVLxtMUXynRHJIX3Hn1ACovaqZIJASufXIIFkD0EUbcd5PmMsL1xUD5h548gCezJ5BzlITaR9CAMrGe29aWpA=="
      }
    }
  }
}